
Microsoft Visual Studio Solution File, Format Version 12.00
# Visual Studio 14
VisualStudioVersion = 14.0.25123.0
MinimumVisualStudioVersion = 10.0.40219.1
Project("{E24C65DC-7377-472B-9ABA-BC803B73C61A}") = "WebGalery", ".", "{77607AA9-7D10-43D1-BE3E-C2B6BFB17AB5}"
	ProjectSection(WebsiteProperties) = preProject
		TargetFrameworkMoniker = ".NETFramework,Version%3Dv4.0"
		Debug.AspNetCompiler.VirtualPath = "/WebGalery"
		Debug.AspNetCompiler.PhysicalPath = "..\WebGalery\"
		Debug.AspNetCompiler.TargetPath = "PrecompiledWeb\WebGalery\"
		Debug.AspNetCompiler.Updateable = "true"
		Debug.AspNetCompiler.ForceOverwrite = "true"
		Debug.AspNetCompiler.FixedNames = "false"
		Debug.AspNetCompiler.Debug = "True"
		Release.AspNetCompiler.VirtualPath = "/WebGalery"
		Release.AspNetCompiler.PhysicalPath = "..\WebGalery\"
		Release.AspNetCompiler.TargetPath = "PrecompiledWeb\WebGalery\"
		Release.AspNetCompiler.Updateable = "true"
		Release.AspNetCompiler.ForceOverwrite = "true"
		Release.AspNetCompiler.FixedNames = "false"
		Release.AspNetCompiler.Debug = "False"
		VWDPort = "49220"
		SlnRelativePath = "..\WebGalery\"
	EndProjectSection
EndProject
Global
	GlobalSection(SolutionConfigurationPlatforms) = preSolution
		Debug|Any CPU = Debug|Any CPU
	EndGlobalSection
	GlobalSection(ProjectConfigurationPlatforms) = postSolution
		{77607AA9-7D10-43D1-BE3E-C2B6BFB17AB5}.Debug|Any CPU.ActiveCfg = Debug|Any CPU
		{77607AA9-7D10-43D1-BE3E-C2B6BFB17AB5}.Debug|Any CPU.Build.0 = Debug|Any CPU
	EndGlobalSection
	GlobalSection(SolutionProperties) = preSolution
		HideSolutionNode = FALSE
	EndGlobalSection
EndGlobal
